
Microsoft Visual Studio Solution File, Format Version 12.00
# Visual Studio Version 17
VisualStudioVersion = 17.7.34221.43
MinimumVisualStudioVersion = 10.0.40219.1
Project("{FAE04EC0-301F-11D3-BF4B-00C04F79EFBC}") = "MojPrviWEBApi", "MojPrviWEBApi\MojPrviWEBApi.csproj", "{92FA0DAE-B946-426D-960F-A019D7E94425}"
EndProject
Global
	GlobalSection(SolutionConfigurationPlatforms) = preSolution
		Debug|Any CPU = Debug|Any CPU
		Release|Any CPU = Release|Any CPU
	EndGlobalSection
	GlobalSection(ProjectConfigurationPlatforms) = postSolution
		{92FA0DAE-B946-426D-960F-A019D7E94425}.Debug|Any CPU.ActiveCfg = Debug|Any CPU
		{92FA0DAE-B946-426D-960F-A019D7E94425}.Debug|Any CPU.Build.0 = Debug|Any CPU
		{92FA0DAE-B946-426D-960F-A019D7E94425}.Release|Any CPU.ActiveCfg = Release|Any CPU
		{92FA0DAE-B946-426D-960F-A019D7E94425}.Release|Any CPU.Build.0 = Release|Any CPU
	EndGlobalSection
	GlobalSection(SolutionProperties) = preSolution
		HideSolutionNode = FALSE
	EndGlobalSection
	GlobalSection(ExtensibilityGlobals) = postSolution
		SolutionGuid = {902005D5-02D4-43D1-88DB-DC737D98CF4F}
	EndGlobalSection
EndGlobal
